
Microsoft Visual Studio Solution File, Format Version 12.00
# Visual Studio 15
VisualStudioVersion = 15.0.27703.2026
MinimumVisualStudioVersion = 10.0.40219.1
Project("{FAE04EC0-301F-11D3-BF4B-00C04F79EFBC}") = "FuiteAPI", "Fuite\FuiteAPI.csproj", "{6CFBE996-4413-4BE4-A989-5B0A2ED94824}"
EndProject
Project("{FAE04EC0-301F-11D3-BF4B-00C04F79EFBC}") = "FuiteAPITest", "FuiteAPITest\FuiteAPITest.csproj", "{52F5D041-1181-4534-B10A-BDD7D1239FA3}"
EndProject
Global
	GlobalSection(SolutionConfigurationPlatforms) = preSolution
		Debug|Any CPU = Debug|Any CPU
		Release|Any CPU = Release|Any CPU
	EndGlobalSection
	GlobalSection(ProjectConfigurationPlatforms) = postSolution
		{6CFBE996-4413-4BE4-A989-5B0A2ED94824}.Debug|Any CPU.ActiveCfg = Debug|Any CPU
		{6CFBE996-4413-4BE4-A989-5B0A2ED94824}.Debug|Any CPU.Build.0 = Debug|Any CPU
		{6CFBE996-4413-4BE4-A989-5B0A2ED94824}.Release|Any CPU.ActiveCfg = Release|Any CPU
		{6CFBE996-4413-4BE4-A989-5B0A2ED94824}.Release|Any CPU.Build.0 = Release|Any CPU
		{52F5D041-1181-4534-B10A-BDD7D1239FA3}.Debug|Any CPU.ActiveCfg = Debug|Any CPU
		{52F5D041-1181-4534-B10A-BDD7D1239FA3}.Debug|Any CPU.Build.0 = Debug|Any CPU
		{52F5D041-1181-4534-B10A-BDD7D1239FA3}.Release|Any CPU.ActiveCfg = Release|Any CPU
		{52F5D041-1181-4534-B10A-BDD7D1239FA3}.Release|Any CPU.Build.0 = Release|Any CPU
	EndGlobalSection
	GlobalSection(SolutionProperties) = preSolution
		HideSolutionNode = FALSE
	EndGlobalSection
	GlobalSection(ExtensibilityGlobals) = postSolution
		SolutionGuid = {1F765BDD-C611-4611-A0E0-2F9720EBBB54}
	EndGlobalSection
EndGlobal
