
Microsoft Visual Studio Solution File, Format Version 12.00
# Visual Studio 15
VisualStudioVersion = 15.0.27703.2026
MinimumVisualStudioVersion = 10.0.40219.1
Project("{FAE04EC0-301F-11D3-BF4B-00C04F79EFBC}") = "FuiteAPI", "Fuite\FuiteAPI.csproj", "{6CFBE996-4413-4BE4-A989-5B0A2ED94824}"
EndProject
Project("{FAE04EC0-301F-11D3-BF4B-00C04F79EFBC}") = "FuiteAPITest", "FuiteAPITest\FuiteAPITest.csproj", "{52F5D041-1181-4534-B10A-BDD7D1239FA3}"
EndProject
Project("{9092AA53-FB77-4645-B42D-1CCCA6BD08BD}") = "FuitePWA", "FuitePWA\FuitePWA.njsproj", "{F04B0B61-EE9A-4130-B47F-F68C5E018A4D}"
EndProject
Project("{262852C6-CD72-467D-83FE-5EEB1973A190}") = "FuiteMobile", "FuiteMobile\FuiteMobile.jsproj", "{1BCB7E61-ED79-4F87-BB9E-8B6594D1EB4F}"
EndProject
Project("{FAE04EC0-301F-11D3-BF4B-00C04F79EFBC}") = "FuiteAdmin", "FuiteAdmin\FuiteAdmin.csproj", "{A71CBAE2-F256-4B06-B247-DB78A42D3E8A}"
	ProjectSection(ProjectDependencies) = postProject
		{6CFBE996-4413-4BE4-A989-5B0A2ED94824} = {6CFBE996-4413-4BE4-A989-5B0A2ED94824}
	EndProjectSection
EndProject
Project("{262852C6-CD72-467D-83FE-5EEB1973A190}") = "FuiteCordova", "FuiteCordova\FuiteCordova.jsproj", "{022FB858-2C6E-4444-BA65-5366476CBDF4}"
EndProject
Global
	GlobalSection(SolutionConfigurationPlatforms) = preSolution
		Debug|Android = Debug|Android
		Debug|Any CPU = Debug|Any CPU
		Debug|iOS = Debug|iOS
		Debug|Windows-ARM = Debug|Windows-ARM
		Debug|Windows-x64 = Debug|Windows-x64
		Debug|Windows-x86 = Debug|Windows-x86
		Release|Android = Release|Android
		Release|Any CPU = Release|Any CPU
		Release|iOS = Release|iOS
		Release|Windows-ARM = Release|Windows-ARM
		Release|Windows-x64 = Release|Windows-x64
		Release|Windows-x86 = Release|Windows-x86
	EndGlobalSection
	GlobalSection(ProjectConfigurationPlatforms) = postSolution
		{6CFBE996-4413-4BE4-A989-5B0A2ED94824}.Debug|Android.ActiveCfg = Debug|Any CPU
		{6CFBE996-4413-4BE4-A989-5B0A2ED94824}.Debug|Android.Build.0 = Debug|Any CPU
		{6CFBE996-4413-4BE4-A989-5B0A2ED94824}.Debug|Any CPU.ActiveCfg = Debug|Any CPU
		{6CFBE996-4413-4BE4-A989-5B0A2ED94824}.Debug|Any CPU.Build.0 = Debug|Any CPU
		{6CFBE996-4413-4BE4-A989-5B0A2ED94824}.Debug|iOS.ActiveCfg = Debug|Any CPU
		{6CFBE996-4413-4BE4-A989-5B0A2ED94824}.Debug|iOS.Build.0 = Debug|Any CPU
		{6CFBE996-4413-4BE4-A989-5B0A2ED94824}.Debug|Windows-ARM.ActiveCfg = Debug|Any CPU
		{6CFBE996-4413-4BE4-A989-5B0A2ED94824}.Debug|Windows-ARM.Build.0 = Debug|Any CPU
		{6CFBE996-4413-4BE4-A989-5B0A2ED94824}.Debug|Windows-x64.ActiveCfg = Debug|Any CPU
		{6CFBE996-4413-4BE4-A989-5B0A2ED94824}.Debug|Windows-x64.Build.0 = Debug|Any CPU
		{6CFBE996-4413-4BE4-A989-5B0A2ED94824}.Debug|Windows-x86.ActiveCfg = Debug|Any CPU
		{6CFBE996-4413-4BE4-A989-5B0A2ED94824}.Debug|Windows-x86.Build.0 = Debug|Any CPU
		{6CFBE996-4413-4BE4-A989-5B0A2ED94824}.Release|Android.ActiveCfg = Release|Any CPU
		{6CFBE996-4413-4BE4-A989-5B0A2ED94824}.Release|Android.Build.0 = Release|Any CPU
		{6CFBE996-4413-4BE4-A989-5B0A2ED94824}.Release|Any CPU.ActiveCfg = Release|Any CPU
		{6CFBE996-4413-4BE4-A989-5B0A2ED94824}.Release|Any CPU.Build.0 = Release|Any CPU
		{6CFBE996-4413-4BE4-A989-5B0A2ED94824}.Release|iOS.ActiveCfg = Release|Any CPU
		{6CFBE996-4413-4BE4-A989-5B0A2ED94824}.Release|iOS.Build.0 = Release|Any CPU
		{6CFBE996-4413-4BE4-A989-5B0A2ED94824}.Release|Windows-ARM.ActiveCfg = Release|Any CPU
		{6CFBE996-4413-4BE4-A989-5B0A2ED94824}.Release|Windows-ARM.Build.0 = Release|Any CPU
		{6CFBE996-4413-4BE4-A989-5B0A2ED94824}.Release|Windows-x64.ActiveCfg = Release|Any CPU
		{6CFBE996-4413-4BE4-A989-5B0A2ED94824}.Release|Windows-x64.Build.0 = Release|Any CPU
		{6CFBE996-4413-4BE4-A989-5B0A2ED94824}.Release|Windows-x86.ActiveCfg = Release|Any CPU
		{6CFBE996-4413-4BE4-A989-5B0A2ED94824}.Release|Windows-x86.Build.0 = Release|Any CPU
		{52F5D041-1181-4534-B10A-BDD7D1239FA3}.Debug|Android.ActiveCfg = Debug|Any CPU
		{52F5D041-1181-4534-B10A-BDD7D1239FA3}.Debug|Android.Build.0 = Debug|Any CPU
		{52F5D041-1181-4534-B10A-BDD7D1239FA3}.Debug|Any CPU.ActiveCfg = Debug|Any CPU
		{52F5D041-1181-4534-B10A-BDD7D1239FA3}.Debug|Any CPU.Build.0 = Debug|Any CPU
		{52F5D041-1181-4534-B10A-BDD7D1239FA3}.Debug|iOS.ActiveCfg = Debug|Any CPU
		{52F5D041-1181-4534-B10A-BDD7D1239FA3}.Debug|iOS.Build.0 = Debug|Any CPU
		{52F5D041-1181-4534-B10A-BDD7D1239FA3}.Debug|Windows-ARM.ActiveCfg = Debug|Any CPU
		{52F5D041-1181-4534-B10A-BDD7D1239FA3}.Debug|Windows-ARM.Build.0 = Debug|Any CPU
		{52F5D041-1181-4534-B10A-BDD7D1239FA3}.Debug|Windows-x64.ActiveCfg = Debug|Any CPU
		{52F5D041-1181-4534-B10A-BDD7D1239FA3}.Debug|Windows-x64.Build.0 = Debug|Any CPU
		{52F5D041-1181-4534-B10A-BDD7D1239FA3}.Debug|Windows-x86.ActiveCfg = Debug|Any CPU
		{52F5D041-1181-4534-B10A-BDD7D1239FA3}.Debug|Windows-x86.Build.0 = Debug|Any CPU
		{52F5D041-1181-4534-B10A-BDD7D1239FA3}.Release|Android.ActiveCfg = Release|Any CPU
		{52F5D041-1181-4534-B10A-BDD7D1239FA3}.Release|Android.Build.0 = Release|Any CPU
		{52F5D041-1181-4534-B10A-BDD7D1239FA3}.Release|Any CPU.ActiveCfg = Release|Any CPU
		{52F5D041-1181-4534-B10A-BDD7D1239FA3}.Release|Any CPU.Build.0 = Release|Any CPU
		{52F5D041-1181-4534-B10A-BDD7D1239FA3}.Release|iOS.ActiveCfg = Release|Any CPU
		{52F5D041-1181-4534-B10A-BDD7D1239FA3}.Release|iOS.Build.0 = Release|Any CPU
		{52F5D041-1181-4534-B10A-BDD7D1239FA3}.Release|Windows-ARM.ActiveCfg = Release|Any CPU
		{52F5D041-1181-4534-B10A-BDD7D1239FA3}.Release|Windows-ARM.Build.0 = Release|Any CPU
		{52F5D041-1181-4534-B10A-BDD7D1239FA3}.Release|Windows-x64.ActiveCfg = Release|Any CPU
		{52F5D041-1181-4534-B10A-BDD7D1239FA3}.Release|Windows-x64.Build.0 = Release|Any CPU
		{52F5D041-1181-4534-B10A-BDD7D1239FA3}.Release|Windows-x86.ActiveCfg = Release|Any CPU
		{52F5D041-1181-4534-B10A-BDD7D1239FA3}.Release|Windows-x86.Build.0 = Release|Any CPU
		{F04B0B61-EE9A-4130-B47F-F68C5E018A4D}.Debug|Android.ActiveCfg = Debug|Any CPU
		{F04B0B61-EE9A-4130-B47F-F68C5E018A4D}.Debug|Android.Build.0 = Debug|Any CPU
		{F04B0B61-EE9A-4130-B47F-F68C5E018A4D}.Debug|Any CPU.ActiveCfg = Debug|Any CPU
		{F04B0B61-EE9A-4130-B47F-F68C5E018A4D}.Debug|Any CPU.Build.0 = Debug|Any CPU
		{F04B0B61-EE9A-4130-B47F-F68C5E018A4D}.Debug|iOS.ActiveCfg = Debug|Any CPU
		{F04B0B61-EE9A-4130-B47F-F68C5E018A4D}.Debug|iOS.Build.0 = Debug|Any CPU
		{F04B0B61-EE9A-4130-B47F-F68C5E018A4D}.Debug|Windows-ARM.ActiveCfg = Debug|Any CPU
		{F04B0B61-EE9A-4130-B47F-F68C5E018A4D}.Debug|Windows-ARM.Build.0 = Debug|Any CPU
		{F04B0B61-EE9A-4130-B47F-F68C5E018A4D}.Debug|Windows-x64.ActiveCfg = Debug|Any CPU
		{F04B0B61-EE9A-4130-B47F-F68C5E018A4D}.Debug|Windows-x64.Build.0 = Debug|Any CPU
		{F04B0B61-EE9A-4130-B47F-F68C5E018A4D}.Debug|Windows-x86.ActiveCfg = Debug|Any CPU
		{F04B0B61-EE9A-4130-B47F-F68C5E018A4D}.Debug|Windows-x86.Build.0 = Debug|Any CPU
		{F04B0B61-EE9A-4130-B47F-F68C5E018A4D}.Release|Android.ActiveCfg = Release|Any CPU
		{F04B0B61-EE9A-4130-B47F-F68C5E018A4D}.Release|Android.Build.0 = Release|Any CPU
		{F04B0B61-EE9A-4130-B47F-F68C5E018A4D}.Release|Any CPU.ActiveCfg = Release|Any CPU
		{F04B0B61-EE9A-4130-B47F-F68C5E018A4D}.Release|Any CPU.Build.0 = Release|Any CPU
		{F04B0B61-EE9A-4130-B47F-F68C5E018A4D}.Release|iOS.ActiveCfg = Release|Any CPU
		{F04B0B61-EE9A-4130-B47F-F68C5E018A4D}.Release|iOS.Build.0 = Release|Any CPU
		{F04B0B61-EE9A-4130-B47F-F68C5E018A4D}.Release|Windows-ARM.ActiveCfg = Release|Any CPU
		{F04B0B61-EE9A-4130-B47F-F68C5E018A4D}.Release|Windows-ARM.Build.0 = Release|Any CPU
		{F04B0B61-EE9A-4130-B47F-F68C5E018A4D}.Release|Windows-x64.ActiveCfg = Release|Any CPU
		{F04B0B61-EE9A-4130-B47F-F68C5E018A4D}.Release|Windows-x64.Build.0 = Release|Any CPU
		{F04B0B61-EE9A-4130-B47F-F68C5E018A4D}.Release|Windows-x86.ActiveCfg = Release|Any CPU
		{F04B0B61-EE9A-4130-B47F-F68C5E018A4D}.Release|Windows-x86.Build.0 = Release|Any CPU
		{1BCB7E61-ED79-4F87-BB9E-8B6594D1EB4F}.Debug|Android.ActiveCfg = Debug|Android
		{1BCB7E61-ED79-4F87-BB9E-8B6594D1EB4F}.Debug|Android.Build.0 = Debug|Android
		{1BCB7E61-ED79-4F87-BB9E-8B6594D1EB4F}.Debug|Android.Deploy.0 = Debug|Android
		{1BCB7E61-ED79-4F87-BB9E-8B6594D1EB4F}.Debug|Any CPU.ActiveCfg = Debug|Android
		{1BCB7E61-ED79-4F87-BB9E-8B6594D1EB4F}.Debug|iOS.ActiveCfg = Debug|iOS
		{1BCB7E61-ED79-4F87-BB9E-8B6594D1EB4F}.Debug|iOS.Build.0 = Debug|iOS
		{1BCB7E61-ED79-4F87-BB9E-8B6594D1EB4F}.Debug|iOS.Deploy.0 = Debug|iOS
		{1BCB7E61-ED79-4F87-BB9E-8B6594D1EB4F}.Debug|Windows-ARM.ActiveCfg = Debug|Windows-ARM
		{1BCB7E61-ED79-4F87-BB9E-8B6594D1EB4F}.Debug|Windows-ARM.Build.0 = Debug|Windows-ARM
		{1BCB7E61-ED79-4F87-BB9E-8B6594D1EB4F}.Debug|Windows-ARM.Deploy.0 = Debug|Windows-ARM
		{1BCB7E61-ED79-4F87-BB9E-8B6594D1EB4F}.Debug|Windows-x64.ActiveCfg = Debug|Windows-x64
		{1BCB7E61-ED79-4F87-BB9E-8B6594D1EB4F}.Debug|Windows-x64.Build.0 = Debug|Windows-x64
		{1BCB7E61-ED79-4F87-BB9E-8B6594D1EB4F}.Debug|Windows-x64.Deploy.0 = Debug|Windows-x64
		{1BCB7E61-ED79-4F87-BB9E-8B6594D1EB4F}.Debug|Windows-x86.ActiveCfg = Debug|Windows-x86
		{1BCB7E61-ED79-4F87-BB9E-8B6594D1EB4F}.Debug|Windows-x86.Build.0 = Debug|Windows-x86
		{1BCB7E61-ED79-4F87-BB9E-8B6594D1EB4F}.Debug|Windows-x86.Deploy.0 = Debug|Windows-x86
		{1BCB7E61-ED79-4F87-BB9E-8B6594D1EB4F}.Release|Android.ActiveCfg = Release|Android
		{1BCB7E61-ED79-4F87-BB9E-8B6594D1EB4F}.Release|Android.Build.0 = Release|Android
		{1BCB7E61-ED79-4F87-BB9E-8B6594D1EB4F}.Release|Android.Deploy.0 = Release|Android
		{1BCB7E61-ED79-4F87-BB9E-8B6594D1EB4F}.Release|Any CPU.ActiveCfg = Release|Android
		{1BCB7E61-ED79-4F87-BB9E-8B6594D1EB4F}.Release|iOS.ActiveCfg = Release|iOS
		{1BCB7E61-ED79-4F87-BB9E-8B6594D1EB4F}.Release|iOS.Build.0 = Release|iOS
		{1BCB7E61-ED79-4F87-BB9E-8B6594D1EB4F}.Release|iOS.Deploy.0 = Release|iOS
		{1BCB7E61-ED79-4F87-BB9E-8B6594D1EB4F}.Release|Windows-ARM.ActiveCfg = Release|Windows-ARM
		{1BCB7E61-ED79-4F87-BB9E-8B6594D1EB4F}.Release|Windows-ARM.Build.0 = Release|Windows-ARM
		{1BCB7E61-ED79-4F87-BB9E-8B6594D1EB4F}.Release|Windows-ARM.Deploy.0 = Release|Windows-ARM
		{1BCB7E61-ED79-4F87-BB9E-8B6594D1EB4F}.Release|Windows-x64.ActiveCfg = Release|Windows-x64
		{1BCB7E61-ED79-4F87-BB9E-8B6594D1EB4F}.Release|Windows-x64.Build.0 = Release|Windows-x64
		{1BCB7E61-ED79-4F87-BB9E-8B6594D1EB4F}.Release|Windows-x64.Deploy.0 = Release|Windows-x64
		{1BCB7E61-ED79-4F87-BB9E-8B6594D1EB4F}.Release|Windows-x86.ActiveCfg = Release|Windows-x86
		{1BCB7E61-ED79-4F87-BB9E-8B6594D1EB4F}.Release|Windows-x86.Build.0 = Release|Windows-x86
		{1BCB7E61-ED79-4F87-BB9E-8B6594D1EB4F}.Release|Windows-x86.Deploy.0 = Release|Windows-x86
		{A71CBAE2-F256-4B06-B247-DB78A42D3E8A}.Debug|Android.ActiveCfg = Debug|Any CPU
		{A71CBAE2-F256-4B06-B247-DB78A42D3E8A}.Debug|Android.Build.0 = Debug|Any CPU
		{A71CBAE2-F256-4B06-B247-DB78A42D3E8A}.Debug|Any CPU.ActiveCfg = Debug|Any CPU
		{A71CBAE2-F256-4B06-B247-DB78A42D3E8A}.Debug|Any CPU.Build.0 = Debug|Any CPU
		{A71CBAE2-F256-4B06-B247-DB78A42D3E8A}.Debug|iOS.ActiveCfg = Debug|Any CPU
		{A71CBAE2-F256-4B06-B247-DB78A42D3E8A}.Debug|iOS.Build.0 = Debug|Any CPU
		{A71CBAE2-F256-4B06-B247-DB78A42D3E8A}.Debug|Windows-ARM.ActiveCfg = Debug|Any CPU
		{A71CBAE2-F256-4B06-B247-DB78A42D3E8A}.Debug|Windows-ARM.Build.0 = Debug|Any CPU
		{A71CBAE2-F256-4B06-B247-DB78A42D3E8A}.Debug|Windows-x64.ActiveCfg = Debug|Any CPU
		{A71CBAE2-F256-4B06-B247-DB78A42D3E8A}.Debug|Windows-x64.Build.0 = Debug|Any CPU
		{A71CBAE2-F256-4B06-B247-DB78A42D3E8A}.Debug|Windows-x86.ActiveCfg = Debug|Any CPU
		{A71CBAE2-F256-4B06-B247-DB78A42D3E8A}.Debug|Windows-x86.Build.0 = Debug|Any CPU
		{A71CBAE2-F256-4B06-B247-DB78A42D3E8A}.Release|Android.ActiveCfg = Release|Any CPU
		{A71CBAE2-F256-4B06-B247-DB78A42D3E8A}.Release|Android.Build.0 = Release|Any CPU
		{A71CBAE2-F256-4B06-B247-DB78A42D3E8A}.Release|Any CPU.ActiveCfg = Release|Any CPU
		{A71CBAE2-F256-4B06-B247-DB78A42D3E8A}.Release|Any CPU.Build.0 = Release|Any CPU
		{A71CBAE2-F256-4B06-B247-DB78A42D3E8A}.Release|iOS.ActiveCfg = Release|Any CPU
		{A71CBAE2-F256-4B06-B247-DB78A42D3E8A}.Release|iOS.Build.0 = Release|Any CPU
		{A71CBAE2-F256-4B06-B247-DB78A42D3E8A}.Release|Windows-ARM.ActiveCfg = Release|Any CPU
		{A71CBAE2-F256-4B06-B247-DB78A42D3E8A}.Release|Windows-ARM.Build.0 = Release|Any CPU
		{A71CBAE2-F256-4B06-B247-DB78A42D3E8A}.Release|Windows-x64.ActiveCfg = Release|Any CPU
		{A71CBAE2-F256-4B06-B247-DB78A42D3E8A}.Release|Windows-x64.Build.0 = Release|Any CPU
		{A71CBAE2-F256-4B06-B247-DB78A42D3E8A}.Release|Windows-x86.ActiveCfg = Release|Any CPU
		{A71CBAE2-F256-4B06-B247-DB78A42D3E8A}.Release|Windows-x86.Build.0 = Release|Any CPU
		{022FB858-2C6E-4444-BA65-5366476CBDF4}.Debug|Android.ActiveCfg = Debug|Android
		{022FB858-2C6E-4444-BA65-5366476CBDF4}.Debug|Android.Build.0 = Debug|Android
		{022FB858-2C6E-4444-BA65-5366476CBDF4}.Debug|Android.Deploy.0 = Debug|Android
		{022FB858-2C6E-4444-BA65-5366476CBDF4}.Debug|Any CPU.ActiveCfg = Debug|Android
		{022FB858-2C6E-4444-BA65-5366476CBDF4}.Debug|iOS.ActiveCfg = Debug|iOS
		{022FB858-2C6E-4444-BA65-5366476CBDF4}.Debug|iOS.Build.0 = Debug|iOS
		{022FB858-2C6E-4444-BA65-5366476CBDF4}.Debug|iOS.Deploy.0 = Debug|iOS
		{022FB858-2C6E-4444-BA65-5366476CBDF4}.Debug|Windows-ARM.ActiveCfg = Debug|Windows-ARM
		{022FB858-2C6E-4444-BA65-5366476CBDF4}.Debug|Windows-ARM.Build.0 = Debug|Windows-ARM
		{022FB858-2C6E-4444-BA65-5366476CBDF4}.Debug|Windows-ARM.Deploy.0 = Debug|Windows-ARM
		{022FB858-2C6E-4444-BA65-5366476CBDF4}.Debug|Windows-x64.ActiveCfg = Debug|Windows-x64
		{022FB858-2C6E-4444-BA65-5366476CBDF4}.Debug|Windows-x64.Build.0 = Debug|Windows-x64
		{022FB858-2C6E-4444-BA65-5366476CBDF4}.Debug|Windows-x64.Deploy.0 = Debug|Windows-x64
		{022FB858-2C6E-4444-BA65-5366476CBDF4}.Debug|Windows-x86.ActiveCfg = Debug|Windows-x86
		{022FB858-2C6E-4444-BA65-5366476CBDF4}.Debug|Windows-x86.Build.0 = Debug|Windows-x86
		{022FB858-2C6E-4444-BA65-5366476CBDF4}.Debug|Windows-x86.Deploy.0 = Debug|Windows-x86
		{022FB858-2C6E-4444-BA65-5366476CBDF4}.Release|Android.ActiveCfg = Release|Android
		{022FB858-2C6E-4444-BA65-5366476CBDF4}.Release|Android.Build.0 = Release|Android
		{022FB858-2C6E-4444-BA65-5366476CBDF4}.Release|Android.Deploy.0 = Release|Android
		{022FB858-2C6E-4444-BA65-5366476CBDF4}.Release|Any CPU.ActiveCfg = Release|Android
		{022FB858-2C6E-4444-BA65-5366476CBDF4}.Release|iOS.ActiveCfg = Release|iOS
		{022FB858-2C6E-4444-BA65-5366476CBDF4}.Release|iOS.Build.0 = Release|iOS
		{022FB858-2C6E-4444-BA65-5366476CBDF4}.Release|iOS.Deploy.0 = Release|iOS
		{022FB858-2C6E-4444-BA65-5366476CBDF4}.Release|Windows-ARM.ActiveCfg = Release|Windows-ARM
		{022FB858-2C6E-4444-BA65-5366476CBDF4}.Release|Windows-ARM.Build.0 = Release|Windows-ARM
		{022FB858-2C6E-4444-BA65-5366476CBDF4}.Release|Windows-ARM.Deploy.0 = Release|Windows-ARM
		{022FB858-2C6E-4444-BA65-5366476CBDF4}.Release|Windows-x64.ActiveCfg = Release|Windows-x64
		{022FB858-2C6E-4444-BA65-5366476CBDF4}.Release|Windows-x64.Build.0 = Release|Windows-x64
		{022FB858-2C6E-4444-BA65-5366476CBDF4}.Release|Windows-x64.Deploy.0 = Release|Windows-x64
		{022FB858-2C6E-4444-BA65-5366476CBDF4}.Release|Windows-x86.ActiveCfg = Release|Windows-x86
		{022FB858-2C6E-4444-BA65-5366476CBDF4}.Release|Windows-x86.Build.0 = Release|Windows-x86
		{022FB858-2C6E-4444-BA65-5366476CBDF4}.Release|Windows-x86.Deploy.0 = Release|Windows-x86
	EndGlobalSection
	GlobalSection(SolutionProperties) = preSolution
		HideSolutionNode = FALSE
	EndGlobalSection
	GlobalSection(ExtensibilityGlobals) = postSolution
		SolutionGuid = {1F765BDD-C611-4611-A0E0-2F9720EBBB54}
	EndGlobalSection
EndGlobal
